
Microsoft Visual Studio Solution File, Format Version 12.00
# Visual Studio Version 17
VisualStudioVersion = 17.0.31919.166
MinimumVisualStudioVersion = 10.0.40219.1
Project("{FAE04EC0-301F-11D3-BF4B-00C04F79EFBC}") = "CopyFileToWithThreads", "CopyFileToWithThreads\CopyFileToWithThreads.csproj", "{A349EE20-B8C1-4372-9225-4146071FF1FF}"
EndProject
Global
	GlobalSection(SolutionConfigurationPlatforms) = preSolution
		Debug|Any CPU = Debug|Any CPU
		Release|Any CPU = Release|Any CPU
	EndGlobalSection
	GlobalSection(ProjectConfigurationPlatforms) = postSolution
		{A349EE20-B8C1-4372-9225-4146071FF1FF}.Debug|Any CPU.ActiveCfg = Debug|Any CPU
		{A349EE20-B8C1-4372-9225-4146071FF1FF}.Debug|Any CPU.Build.0 = Debug|Any CPU
		{A349EE20-B8C1-4372-9225-4146071FF1FF}.Release|Any CPU.ActiveCfg = Release|Any CPU
		{A349EE20-B8C1-4372-9225-4146071FF1FF}.Release|Any CPU.Build.0 = Release|Any CPU
	EndGlobalSection
	GlobalSection(SolutionProperties) = preSolution
		HideSolutionNode = FALSE
	EndGlobalSection
	GlobalSection(ExtensibilityGlobals) = postSolution
		SolutionGuid = {CDAEF715-E55C-4458-ACD3-F645B7891152}
	EndGlobalSection
EndGlobal
